{
  "name": "playwright-remote-examples",
  "version": "1.1.0",
  "lockfileVersion": 1,
  "requires": true,
  "dependencies": {
    "playwright": {
      "version": "1.24.2",
      "resolved": "https://registry.npmjs.org/playwright/-/playwright-1.24.2.tgz",
      "integrity": "sha512-iMWDLgaFRT+7dXsNeYwgl8nhLHsUrzFyaRVC+ftr++P1dVs70mPrFKBZrGp1fOKigHV9d1syC03IpPbqLKlPsg==",
      "requires": {
        "playwright-core": "1.24.2"
      },
      "dependencies": {
        "playwright-core": {
          "version": "1.24.2",
          "resolved": "https://registry.npmjs.org/playwright-core/-/playwright-core-1.24.2.tgz",
          "integrity": "sha512-zfAoDoPY/0sDLsgSgLZwWmSCevIg1ym7CppBwllguVBNiHeixZkc1AdMuYUPZC6AdEYc4CxWEyLMBTw2YcmRrA=="
        }
      }
    }
  }
}
